
Microsoft Visual Studio Solution File, Format Version 12.00
# Visual Studio Version 16
VisualStudioVersion = 16.0.29926.136
MinimumVisualStudioVersion = 10.0.40219.1
Project("{FAE04EC0-301F-11D3-BF4B-00C04F79EFBC}") = "Part6_code_along", "Part6_code_along\Part6_code_along.csproj", "{92323F19-9630-496A-8F8A-5EB3C117AE3C}"
EndProject
Global
	GlobalSection(SolutionConfigurationPlatforms) = preSolution
		Debug|Any CPU = Debug|Any CPU
		Release|Any CPU = Release|Any CPU
	EndGlobalSection
	GlobalSection(ProjectConfigurationPlatforms) = postSolution
		{92323F19-9630-496A-8F8A-5EB3C117AE3C}.Debug|Any CPU.ActiveCfg = Debug|Any CPU
		{92323F19-9630-496A-8F8A-5EB3C117AE3C}.Debug|Any CPU.Build.0 = Debug|Any CPU
		{92323F19-9630-496A-8F8A-5EB3C117AE3C}.Release|Any CPU.ActiveCfg = Release|Any CPU
		{92323F19-9630-496A-8F8A-5EB3C117AE3C}.Release|Any CPU.Build.0 = Release|Any CPU
	EndGlobalSection
	GlobalSection(SolutionProperties) = preSolution
		HideSolutionNode = FALSE
	EndGlobalSection
	GlobalSection(ExtensibilityGlobals) = postSolution
		SolutionGuid = {67A9401D-C03C-4269-9E9D-F7D4C52827ED}
	EndGlobalSection
EndGlobal
