
Microsoft Visual Studio Solution File, Format Version 12.00
# Visual Studio Version 16
VisualStudioVersion = 16.0.29926.136
MinimumVisualStudioVersion = 10.0.40219.1
Project("{FAE04EC0-301F-11D3-BF4B-00C04F79EFBC}") = "Part8_code_along", "Part8_code_along\Part8_code_along.csproj", "{81A7D8E6-DE5B-4AE1-B636-DA08DC2289EF}"
EndProject
Global
	GlobalSection(SolutionConfigurationPlatforms) = preSolution
		Debug|Any CPU = Debug|Any CPU
		Release|Any CPU = Release|Any CPU
	EndGlobalSection
	GlobalSection(ProjectConfigurationPlatforms) = postSolution
		{81A7D8E6-DE5B-4AE1-B636-DA08DC2289EF}.Debug|Any CPU.ActiveCfg = Debug|Any CPU
		{81A7D8E6-DE5B-4AE1-B636-DA08DC2289EF}.Debug|Any CPU.Build.0 = Debug|Any CPU
		{81A7D8E6-DE5B-4AE1-B636-DA08DC2289EF}.Release|Any CPU.ActiveCfg = Release|Any CPU
		{81A7D8E6-DE5B-4AE1-B636-DA08DC2289EF}.Release|Any CPU.Build.0 = Release|Any CPU
	EndGlobalSection
	GlobalSection(SolutionProperties) = preSolution
		HideSolutionNode = FALSE
	EndGlobalSection
	GlobalSection(ExtensibilityGlobals) = postSolution
		SolutionGuid = {DAB0C490-B3D5-4754-89E8-6271507D5749}
	EndGlobalSection
EndGlobal
