
Microsoft Visual Studio Solution File, Format Version 12.00
# Visual Studio Version 16
VisualStudioVersion = 16.0.29926.136
MinimumVisualStudioVersion = 10.0.40219.1
Project("{FAE04EC0-301F-11D3-BF4B-00C04F79EFBC}") = "Part8_exercise", "Part8_exercise\Part8_exercise.csproj", "{A35341AD-1563-4CE7-B518-F68DEB5D65ED}"
EndProject
Global
	GlobalSection(SolutionConfigurationPlatforms) = preSolution
		Debug|Any CPU = Debug|Any CPU
		Release|Any CPU = Release|Any CPU
	EndGlobalSection
	GlobalSection(ProjectConfigurationPlatforms) = postSolution
		{A35341AD-1563-4CE7-B518-F68DEB5D65ED}.Debug|Any CPU.ActiveCfg = Debug|Any CPU
		{A35341AD-1563-4CE7-B518-F68DEB5D65ED}.Debug|Any CPU.Build.0 = Debug|Any CPU
		{A35341AD-1563-4CE7-B518-F68DEB5D65ED}.Release|Any CPU.ActiveCfg = Release|Any CPU
		{A35341AD-1563-4CE7-B518-F68DEB5D65ED}.Release|Any CPU.Build.0 = Release|Any CPU
	EndGlobalSection
	GlobalSection(SolutionProperties) = preSolution
		HideSolutionNode = FALSE
	EndGlobalSection
	GlobalSection(ExtensibilityGlobals) = postSolution
		SolutionGuid = {5C42D764-4661-4C62-A6C3-C6A883F8859D}
	EndGlobalSection
EndGlobal
