
Microsoft Visual Studio Solution File, Format Version 12.00
# Visual Studio Version 16
VisualStudioVersion = 16.0.29926.136
MinimumVisualStudioVersion = 10.0.40219.1
Project("{FAE04EC0-301F-11D3-BF4B-00C04F79EFBC}") = "Part9_code_along", "Part9_code_along\Part9_code_along.csproj", "{0DED51AB-34CA-4B7A-82E4-5A8489652CD3}"
EndProject
Global
	GlobalSection(SolutionConfigurationPlatforms) = preSolution
		Debug|Any CPU = Debug|Any CPU
		Release|Any CPU = Release|Any CPU
	EndGlobalSection
	GlobalSection(ProjectConfigurationPlatforms) = postSolution
		{0DED51AB-34CA-4B7A-82E4-5A8489652CD3}.Debug|Any CPU.ActiveCfg = Debug|Any CPU
		{0DED51AB-34CA-4B7A-82E4-5A8489652CD3}.Debug|Any CPU.Build.0 = Debug|Any CPU
		{0DED51AB-34CA-4B7A-82E4-5A8489652CD3}.Release|Any CPU.ActiveCfg = Release|Any CPU
		{0DED51AB-34CA-4B7A-82E4-5A8489652CD3}.Release|Any CPU.Build.0 = Release|Any CPU
	EndGlobalSection
	GlobalSection(SolutionProperties) = preSolution
		HideSolutionNode = FALSE
	EndGlobalSection
	GlobalSection(ExtensibilityGlobals) = postSolution
		SolutionGuid = {1FF36EE4-6C1F-4093-B31F-9B642E61A50A}
	EndGlobalSection
EndGlobal
