
Microsoft Visual Studio Solution File, Format Version 12.00
# Visual Studio Version 16
VisualStudioVersion = 16.0.30011.22
MinimumVisualStudioVersion = 10.0.40219.1
Project("{FAE04EC0-301F-11D3-BF4B-00C04F79EFBC}") = "5.2_abstract_members_code_along", "5.2_abstract_members_code_along\5.2_abstract_members_code_along.csproj", "{E8BBA6C6-A224-4261-B9D7-0CF3AFD9D805}"
EndProject
Global
	GlobalSection(SolutionConfigurationPlatforms) = preSolution
		Debug|Any CPU = Debug|Any CPU
		Release|Any CPU = Release|Any CPU
	EndGlobalSection
	GlobalSection(ProjectConfigurationPlatforms) = postSolution
		{E8BBA6C6-A224-4261-B9D7-0CF3AFD9D805}.Debug|Any CPU.ActiveCfg = Debug|Any CPU
		{E8BBA6C6-A224-4261-B9D7-0CF3AFD9D805}.Debug|Any CPU.Build.0 = Debug|Any CPU
		{E8BBA6C6-A224-4261-B9D7-0CF3AFD9D805}.Release|Any CPU.ActiveCfg = Release|Any CPU
		{E8BBA6C6-A224-4261-B9D7-0CF3AFD9D805}.Release|Any CPU.Build.0 = Release|Any CPU
	EndGlobalSection
	GlobalSection(SolutionProperties) = preSolution
		HideSolutionNode = FALSE
	EndGlobalSection
	GlobalSection(ExtensibilityGlobals) = postSolution
		SolutionGuid = {1433554F-8940-4326-AB78-62C68CDD4B06}
	EndGlobalSection
EndGlobal
