
Microsoft Visual Studio Solution File, Format Version 12.00
# Visual Studio Version 16
VisualStudioVersion = 16.0.29926.136
MinimumVisualStudioVersion = 10.0.40219.1
Project("{FAE04EC0-301F-11D3-BF4B-00C04F79EFBC}") = "Part5_Exercises", "Part5_Exercises\Part5_Exercises.csproj", "{04029F7D-C8A0-4DC0-80FF-EEE9558615F0}"
EndProject
Global
	GlobalSection(SolutionConfigurationPlatforms) = preSolution
		Debug|Any CPU = Debug|Any CPU
		Release|Any CPU = Release|Any CPU
	EndGlobalSection
	GlobalSection(ProjectConfigurationPlatforms) = postSolution
		{04029F7D-C8A0-4DC0-80FF-EEE9558615F0}.Debug|Any CPU.ActiveCfg = Debug|Any CPU
		{04029F7D-C8A0-4DC0-80FF-EEE9558615F0}.Debug|Any CPU.Build.0 = Debug|Any CPU
		{04029F7D-C8A0-4DC0-80FF-EEE9558615F0}.Release|Any CPU.ActiveCfg = Release|Any CPU
		{04029F7D-C8A0-4DC0-80FF-EEE9558615F0}.Release|Any CPU.Build.0 = Release|Any CPU
	EndGlobalSection
	GlobalSection(SolutionProperties) = preSolution
		HideSolutionNode = FALSE
	EndGlobalSection
	GlobalSection(ExtensibilityGlobals) = postSolution
		SolutionGuid = {6B74722A-4230-4EC9-B85B-472B3CAEB161}
	EndGlobalSection
EndGlobal
