
Microsoft Visual Studio Solution File, Format Version 12.00
# Visual Studio Version 16
VisualStudioVersion = 16.0.29926.136
MinimumVisualStudioVersion = 10.0.40219.1
Project("{FAE04EC0-301F-11D3-BF4B-00C04F79EFBC}") = "CSharpFundamentals", "Variables\CSharpFundamentals.csproj", "{18DBB0E7-27F4-42C7-91A4-4F60009CFE35}"
EndProject
Global
	GlobalSection(SolutionConfigurationPlatforms) = preSolution
		Debug|Any CPU = Debug|Any CPU
		Release|Any CPU = Release|Any CPU
	EndGlobalSection
	GlobalSection(ProjectConfigurationPlatforms) = postSolution
		{18DBB0E7-27F4-42C7-91A4-4F60009CFE35}.Debug|Any CPU.ActiveCfg = Debug|Any CPU
		{18DBB0E7-27F4-42C7-91A4-4F60009CFE35}.Debug|Any CPU.Build.0 = Debug|Any CPU
		{18DBB0E7-27F4-42C7-91A4-4F60009CFE35}.Release|Any CPU.ActiveCfg = Release|Any CPU
		{18DBB0E7-27F4-42C7-91A4-4F60009CFE35}.Release|Any CPU.Build.0 = Release|Any CPU
	EndGlobalSection
	GlobalSection(SolutionProperties) = preSolution
		HideSolutionNode = FALSE
	EndGlobalSection
	GlobalSection(ExtensibilityGlobals) = postSolution
		SolutionGuid = {88279879-916F-470E-B05E-53CC350DDC3A}
	EndGlobalSection
EndGlobal
