
Microsoft Visual Studio Solution File, Format Version 12.00
# Visual Studio Version 16
VisualStudioVersion = 16.0.30011.22
MinimumVisualStudioVersion = 10.0.40219.1
Project("{FAE04EC0-301F-11D3-BF4B-00C04F79EFBC}") = "2.2_construcotrs_code_along", "2.2_construcotrs_code_along\2.2_construcotrs_code_along.csproj", "{A46F8C05-F774-4EB7-BF0E-67C492C22355}"
EndProject
Global
	GlobalSection(SolutionConfigurationPlatforms) = preSolution
		Debug|Any CPU = Debug|Any CPU
		Release|Any CPU = Release|Any CPU
	EndGlobalSection
	GlobalSection(ProjectConfigurationPlatforms) = postSolution
		{A46F8C05-F774-4EB7-BF0E-67C492C22355}.Debug|Any CPU.ActiveCfg = Debug|Any CPU
		{A46F8C05-F774-4EB7-BF0E-67C492C22355}.Debug|Any CPU.Build.0 = Debug|Any CPU
		{A46F8C05-F774-4EB7-BF0E-67C492C22355}.Release|Any CPU.ActiveCfg = Release|Any CPU
		{A46F8C05-F774-4EB7-BF0E-67C492C22355}.Release|Any CPU.Build.0 = Release|Any CPU
	EndGlobalSection
	GlobalSection(SolutionProperties) = preSolution
		HideSolutionNode = FALSE
	EndGlobalSection
	GlobalSection(ExtensibilityGlobals) = postSolution
		SolutionGuid = {CB617EAA-89EC-46D3-8481-A61DDC53B91D}
	EndGlobalSection
EndGlobal
